
Microsoft Visual Studio Solution File, Format Version 12.00
# Visual Studio 15
VisualStudioVersion = 15.0.26228.9
MinimumVisualStudioVersion = 10.0.40219.1
Project("{FAE04EC0-301F-11D3-BF4B-00C04F79EFBC}") = "2013100788-CON", "2013100788-CON\2013100788-CON.csproj", "{73924AFF-1069-4192-AD07-70122A3DA6EB}"
EndProject
Project("{FAE04EC0-301F-11D3-BF4B-00C04F79EFBC}") = "2013100788-PER", "2013100788-PER\2013100788-PER.csproj", "{2A6AB395-5BE5-4B31-9A79-AC07C1196038}"
EndProject
Project("{FAE04EC0-301F-11D3-BF4B-00C04F79EFBC}") = "2013100788-ENT", "2013100788-ENT\2013100788-ENT.csproj", "{0BC82B54-7DB0-4D30-97CE-D495AB2955E6}"
EndProject
Project("{FAE04EC0-301F-11D3-BF4B-00C04F79EFBC}") = "2013100788-MVC", "2013100788-MVC\2013100788-MVC.csproj", "{FE65D3F2-4149-4691-9457-7B5F5178362F}"
EndProject
Project("{FAE04EC0-301F-11D3-BF4B-00C04F79EFBC}") = "2013100788-WebAPI", "2013100788-WebAPI\2013100788-WebAPI.csproj", "{BF39C807-A8A2-45A0-9C28-40E8F49D1C50}"
EndProject
Global
	GlobalSection(SolutionConfigurationPlatforms) = preSolution
		Debug|Any CPU = Debug|Any CPU
		Release|Any CPU = Release|Any CPU
	EndGlobalSection
	GlobalSection(ProjectConfigurationPlatforms) = postSolution
		{73924AFF-1069-4192-AD07-70122A3DA6EB}.Debug|Any CPU.ActiveCfg = Debug|Any CPU
		{73924AFF-1069-4192-AD07-70122A3DA6EB}.Debug|Any CPU.Build.0 = Debug|Any CPU
		{73924AFF-1069-4192-AD07-70122A3DA6EB}.Release|Any CPU.ActiveCfg = Release|Any CPU
		{73924AFF-1069-4192-AD07-70122A3DA6EB}.Release|Any CPU.Build.0 = Release|Any CPU
		{2A6AB395-5BE5-4B31-9A79-AC07C1196038}.Debug|Any CPU.ActiveCfg = Debug|Any CPU
		{2A6AB395-5BE5-4B31-9A79-AC07C1196038}.Debug|Any CPU.Build.0 = Debug|Any CPU
		{2A6AB395-5BE5-4B31-9A79-AC07C1196038}.Release|Any CPU.ActiveCfg = Release|Any CPU
		{2A6AB395-5BE5-4B31-9A79-AC07C1196038}.Release|Any CPU.Build.0 = Release|Any CPU
		{0BC82B54-7DB0-4D30-97CE-D495AB2955E6}.Debug|Any CPU.ActiveCfg = Debug|Any CPU
		{0BC82B54-7DB0-4D30-97CE-D495AB2955E6}.Debug|Any CPU.Build.0 = Debug|Any CPU
		{0BC82B54-7DB0-4D30-97CE-D495AB2955E6}.Release|Any CPU.ActiveCfg = Release|Any CPU
		{0BC82B54-7DB0-4D30-97CE-D495AB2955E6}.Release|Any CPU.Build.0 = Release|Any CPU
		{FE65D3F2-4149-4691-9457-7B5F5178362F}.Debug|Any CPU.ActiveCfg = Debug|Any CPU
		{FE65D3F2-4149-4691-9457-7B5F5178362F}.Debug|Any CPU.Build.0 = Debug|Any CPU
		{FE65D3F2-4149-4691-9457-7B5F5178362F}.Release|Any CPU.ActiveCfg = Release|Any CPU
		{FE65D3F2-4149-4691-9457-7B5F5178362F}.Release|Any CPU.Build.0 = Release|Any CPU
		{BF39C807-A8A2-45A0-9C28-40E8F49D1C50}.Debug|Any CPU.ActiveCfg = Debug|Any CPU
		{BF39C807-A8A2-45A0-9C28-40E8F49D1C50}.Debug|Any CPU.Build.0 = Debug|Any CPU
		{BF39C807-A8A2-45A0-9C28-40E8F49D1C50}.Release|Any CPU.ActiveCfg = Release|Any CPU
		{BF39C807-A8A2-45A0-9C28-40E8F49D1C50}.Release|Any CPU.Build.0 = Release|Any CPU
	EndGlobalSection
	GlobalSection(SolutionProperties) = preSolution
		HideSolutionNode = FALSE
	EndGlobalSection
EndGlobal
