
Microsoft Visual Studio Solution File, Format Version 12.00
# Visual Studio 15
VisualStudioVersion = 15.0.26228.9
MinimumVisualStudioVersion = 10.0.40219.1
Project("{FAE04EC0-301F-11D3-BF4B-00C04F79EFBC}") = "2013100788-CON", "2013100788-CON\2013100788-CON.csproj", "{73924AFF-1069-4192-AD07-70122A3DA6EB}"
EndProject
Project("{FAE04EC0-301F-11D3-BF4B-00C04F79EFBC}") = "2013100788-ENT1", "2013100788-ENT\2013100788-ENT1.csproj", "{3BC73E3D-60DC-401D-B5E6-A475C294E07B}"
EndProject
Project("{FAE04EC0-301F-11D3-BF4B-00C04F79EFBC}") = "2013100788-PER", "2013100788-PER\2013100788-PER.csproj", "{2A6AB395-5BE5-4B31-9A79-AC07C1196038}"
EndProject
Global
	GlobalSection(SolutionConfigurationPlatforms) = preSolution
		Debug|Any CPU = Debug|Any CPU
		Release|Any CPU = Release|Any CPU
	EndGlobalSection
	GlobalSection(ProjectConfigurationPlatforms) = postSolution
		{73924AFF-1069-4192-AD07-70122A3DA6EB}.Debug|Any CPU.ActiveCfg = Debug|Any CPU
		{73924AFF-1069-4192-AD07-70122A3DA6EB}.Debug|Any CPU.Build.0 = Debug|Any CPU
		{73924AFF-1069-4192-AD07-70122A3DA6EB}.Release|Any CPU.ActiveCfg = Release|Any CPU
		{73924AFF-1069-4192-AD07-70122A3DA6EB}.Release|Any CPU.Build.0 = Release|Any CPU
		{3BC73E3D-60DC-401D-B5E6-A475C294E07B}.Debug|Any CPU.ActiveCfg = Debug|Any CPU
		{3BC73E3D-60DC-401D-B5E6-A475C294E07B}.Debug|Any CPU.Build.0 = Debug|Any CPU
		{3BC73E3D-60DC-401D-B5E6-A475C294E07B}.Release|Any CPU.ActiveCfg = Release|Any CPU
		{3BC73E3D-60DC-401D-B5E6-A475C294E07B}.Release|Any CPU.Build.0 = Release|Any CPU
		{2A6AB395-5BE5-4B31-9A79-AC07C1196038}.Debug|Any CPU.ActiveCfg = Debug|Any CPU
		{2A6AB395-5BE5-4B31-9A79-AC07C1196038}.Debug|Any CPU.Build.0 = Debug|Any CPU
		{2A6AB395-5BE5-4B31-9A79-AC07C1196038}.Release|Any CPU.ActiveCfg = Release|Any CPU
		{2A6AB395-5BE5-4B31-9A79-AC07C1196038}.Release|Any CPU.Build.0 = Release|Any CPU
	EndGlobalSection
	GlobalSection(SolutionProperties) = preSolution
		HideSolutionNode = FALSE
	EndGlobalSection
EndGlobal
